// !$*UTF8*$!
{
	archiveVersion = 1;
	classes = {
	};
	objectVersion = 46;
	objects = {

/* Begin PBXBuildFile section */
		B628D54D1DEC100200D4C87C /* main.cpp in Sources */ = {isa = PBXBuildFile; fileRef = B628D54C1DEC100200D4C87C /* main.cpp */; };
		B628D5591DEC2A9F00D4C87C /* lua_engine.cpp in Sources */ = {isa = PBXBuildFile; fileRef = B628D5571DEC2A9F00D4C87C /* lua_engine.cpp */; };
		B628D5601DEC2FE100D4C87C /* player.cpp in Sources */ = {isa = PBXBuildFile; fileRef = B628D55D1DEC2FE100D4C87C /* player.cpp */; };
		B628D56F1DED329100D4C87C /* liblua.a in Frameworks */ = {isa = PBXBuildFile; fileRef = B628D56E1DED329100D4C87C /* liblua.a */; };
		B628D5711DED382C00D4C87C /* libtolua++.a in Frameworks */ = {isa = PBXBuildFile; fileRef = B628D5701DED382C00D4C87C /* libtolua++.a */; };
		B628D5761DED398A00D4C87C /* lua_player.cpp in Sources */ = {isa = PBXBuildFile; fileRef = B628D5751DED398A00D4C87C /* lua_player.cpp */; };
/* End PBXBuildFile section */

/* Begin PBXCopyFilesBuildPhase section */
		B628D5471DEC100200D4C87C /* CopyFiles */ = {
			isa = PBXCopyFilesBuildPhase;
			buildActionMask = 2147483647;
			dstPath = /usr/share/man/man1/;
			dstSubfolderSpec = 0;
			files = (
			);
			runOnlyForDeploymentPostprocessing = 1;
		};
/* End PBXCopyFilesBuildPhase section */

/* Begin PBXFileReference section */
		B628D5491DEC100200D4C87C /* lua_five_one */ = {isa = PBXFileReference; explicitFileType = "compiled.mach-o.executable"; includeInIndex = 0; path = lua_five_one; sourceTree = BUILT_PRODUCTS_DIR; };
		B628D54C1DEC100200D4C87C /* main.cpp */ = {isa = PBXFileReference; lastKnownFileType = sourcecode.cpp.cpp; path = main.cpp; sourceTree = "<group>"; };
		B628D5571DEC2A9F00D4C87C /* lua_engine.cpp */ = {isa = PBXFileReference; fileEncoding = 4; lastKnownFileType = sourcecode.cpp.cpp; name = lua_engine.cpp; path = vm/lua_engine.cpp; sourceTree = "<group>"; };
		B628D5581DEC2A9F00D4C87C /* lua_engine.hpp */ = {isa = PBXFileReference; fileEncoding = 4; lastKnownFileType = sourcecode.cpp.h; name = lua_engine.hpp; path = vm/lua_engine.hpp; sourceTree = "<group>"; };
		B628D55D1DEC2FE100D4C87C /* player.cpp */ = {isa = PBXFileReference; fileEncoding = 4; lastKnownFileType = sourcecode.cpp.cpp; name = player.cpp; path = class/player.cpp; sourceTree = "<group>"; };
		B628D55E1DEC2FE100D4C87C /* player.h */ = {isa = PBXFileReference; fileEncoding = 4; lastKnownFileType = sourcecode.c.h; name = player.h; path = class/player.h; sourceTree = "<group>"; };
		B628D56E1DED329100D4C87C /* liblua.a */ = {isa = PBXFileReference; lastKnownFileType = archive.ar; name = liblua.a; path = "lua-5.1.5/src/liblua.a"; sourceTree = "<group>"; };
		B628D5701DED382C00D4C87C /* libtolua++.a */ = {isa = PBXFileReference; lastKnownFileType = archive.ar; name = "libtolua++.a"; path = "tolua++/libtolua++.a"; sourceTree = "<group>"; };
		B628D5741DED390700D4C87C /* lua_player.h */ = {isa = PBXFileReference; fileEncoding = 4; lastKnownFileType = sourcecode.c.h; name = lua_player.h; path = class/lua_player.h; sourceTree = "<group>"; };
		B628D5751DED398A00D4C87C /* lua_player.cpp */ = {isa = PBXFileReference; fileEncoding = 4; lastKnownFileType = sourcecode.cpp.cpp; name = lua_player.cpp; path = class/lua_player.cpp; sourceTree = "<group>"; };
/* End PBXFileReference section */

/* Begin PBXFrameworksBuildPhase section */
		B628D5461DEC100200D4C87C /* Frameworks */ = {
			isa = PBXFrameworksBuildPhase;
			buildActionMask = 2147483647;
			files = (
				B628D5711DED382C00D4C87C /* libtolua++.a in Frameworks */,
				B628D56F1DED329100D4C87C /* liblua.a in Frameworks */,
			);
			runOnlyForDeploymentPostprocessing = 0;
		};
/* End PBXFrameworksBuildPhase section */

/* Begin PBXGroup section */
		B628D5401DEC100200D4C87C = {
			isa = PBXGroup;
			children = (
				B628D5771DED7AC200D4C87C /* lib */,
				B628D55B1DEC2FCE00D4C87C /* class */,
				B628D55A1DEC2AA800D4C87C /* vm */,
				B628D54B1DEC100200D4C87C /* lua_five_one */,
				B628D54A1DEC100200D4C87C /* Products */,
			);
			sourceTree = "<group>";
		};
		B628D54A1DEC100200D4C87C /* Products */ = {
			isa = PBXGroup;
			children = (
				B628D5491DEC100200D4C87C /* lua_five_one */,
			);
			name = Products;
			sourceTree = "<group>";
		};
		B628D54B1DEC100200D4C87C /* lua_five_one */ = {
			isa = PBXGroup;
			children = (
				B628D54C1DEC100200D4C87C /* main.cpp */,
			);
			path = lua_five_one;
			sourceTree = "<group>";
		};
		B628D55A1DEC2AA800D4C87C /* vm */ = {
			isa = PBXGroup;
			children = (
				B628D5571DEC2A9F00D4C87C /* lua_engine.cpp */,
				B628D5581DEC2A9F00D4C87C /* lua_engine.hpp */,
			);
			name = vm;
			sourceTree = "<group>";
		};
		B628D55B1DEC2FCE00D4C87C /* class */ = {
			isa = PBXGroup;
			children = (
				B628D5751DED398A00D4C87C /* lua_player.cpp */,
				B628D5741DED390700D4C87C /* lua_player.h */,
				B628D55D1DEC2FE100D4C87C /* player.cpp */,
				B628D55E1DEC2FE100D4C87C /* player.h */,
			);
			name = class;
			sourceTree = "<group>";
		};
		B628D5771DED7AC200D4C87C /* lib */ = {
			isa = PBXGroup;
			children = (
				B628D5701DED382C00D4C87C /* libtolua++.a */,
				B628D56E1DED329100D4C87C /* liblua.a */,
			);
			name = lib;
			sourceTree = "<group>";
		};
/* End PBXGroup section */

/* Begin PBXNativeTarget section */
		B628D5481DEC100200D4C87C /* lua_five_one */ = {
			isa = PBXNativeTarget;
			buildConfigurationList = B628D5501DEC100200D4C87C /* Build configuration list for PBXNativeTarget "lua_five_one" */;
			buildPhases = (
				B628D5451DEC100200D4C87C /* Sources */,
				B628D5461DEC100200D4C87C /* Frameworks */,
				B628D5471DEC100200D4C87C /* CopyFiles */,
			);
			buildRules = (
			);
			dependencies = (
			);
			name = lua_five_one;
			productName = lua_five_one;
			productReference = B628D5491DEC100200D4C87C /* lua_five_one */;
			productType = "com.apple.product-type.tool";
		};
/* End PBXNativeTarget section */

/* Begin PBXProject section */
		B628D5411DEC100200D4C87C /* Project object */ = {
			isa = PBXProject;
			attributes = {
				LastUpgradeCheck = 0730;
				ORGANIZATIONNAME = kelvin;
				TargetAttributes = {
					B628D5481DEC100200D4C87C = {
						CreatedOnToolsVersion = 7.3.1;
					};
				};
			};
			buildConfigurationList = B628D5441DEC100200D4C87C /* Build configuration list for PBXProject "lua_five_one" */;
			compatibilityVersion = "Xcode 3.2";
			developmentRegion = English;
			hasScannedForEncodings = 0;
			knownRegions = (
				en,
			);
			mainGroup = B628D5401DEC100200D4C87C;
			productRefGroup = B628D54A1DEC100200D4C87C /* Products */;
			projectDirPath = "";
			projectRoot = "";
			targets = (
				B628D5481DEC100200D4C87C /* lua_five_one */,
			);
		};
/* End PBXProject section */

/* Begin PBXSourcesBuildPhase section */
		B628D5451DEC100200D4C87C /* Sources */ = {
			isa = PBXSourcesBuildPhase;
			buildActionMask = 2147483647;
			files = (
				B628D5601DEC2FE100D4C87C /* player.cpp in Sources */,
				B628D5761DED398A00D4C87C /* lua_player.cpp in Sources */,
				B628D5591DEC2A9F00D4C87C /* lua_engine.cpp in Sources */,
				B628D54D1DEC100200D4C87C /* main.cpp in Sources */,
			);
			runOnlyForDeploymentPostprocessing = 0;
		};
/* End PBXSourcesBuildPhase section */

/* Begin XCBuildConfiguration section */
		B628D54E1DEC100200D4C87C /* Debug */ = {
			isa = XCBuildConfiguration;
			buildSettings = {
				ALWAYS_SEARCH_USER_PATHS = NO;
				CLANG_ANALYZER_NONNULL = YES;
				CLANG_CXX_LANGUAGE_STANDARD = "gnu++0x";
				CLANG_CXX_LIBRARY = "libc++";
				CLANG_ENABLE_MODULES = YES;
				CLANG_ENABLE_OBJC_ARC = YES;
				CLANG_WARN_BOOL_CONVERSION = YES;
				CLANG_WARN_CONSTANT_CONVERSION = YES;
				CLANG_WARN_DIRECT_OBJC_ISA_USAGE = YES_ERROR;
				CLANG_WARN_EMPTY_BODY = YES;
				CLANG_WARN_ENUM_CONVERSION = YES;
				CLANG_WARN_INT_CONVERSION = YES;
				CLANG_WARN_OBJC_ROOT_CLASS = YES_ERROR;
				CLANG_WARN_UNREACHABLE_CODE = YES;
				CLANG_WARN__DUPLICATE_METHOD_MATCH = YES;
				CODE_SIGN_IDENTITY = "-";
				COPY_PHASE_STRIP = NO;
				DEBUG_INFORMATION_FORMAT = dwarf;
				ENABLE_STRICT_OBJC_MSGSEND = YES;
				ENABLE_TESTABILITY = YES;
				GCC_C_LANGUAGE_STANDARD = gnu99;
				GCC_DYNAMIC_NO_PIC = NO;
				GCC_NO_COMMON_BLOCKS = YES;
				GCC_OPTIMIZATION_LEVEL = 0;
				GCC_PREPROCESSOR_DEFINITIONS = (
					"DEBUG=1",
					"$(inherited)",
				);
				GCC_WARN_64_TO_32_BIT_CONVERSION = YES;
				GCC_WARN_ABOUT_RETURN_TYPE = YES_ERROR;
				GCC_WARN_UNDECLARED_SELECTOR = YES;
				GCC_WARN_UNINITIALIZED_AUTOS = YES_AGGRESSIVE;
				GCC_WARN_UNUSED_FUNCTION = YES;
				GCC_WARN_UNUSED_VARIABLE = YES;
				MACOSX_DEPLOYMENT_TARGET = 10.11;
				MTL_ENABLE_DEBUG_INFO = YES;
				ONLY_ACTIVE_ARCH = YES;
				SDKROOT = macosx;
			};
			name = Debug;
		};
		B628D54F1DEC100200D4C87C /* Release */ = {
			isa = XCBuildConfiguration;
			buildSettings = {
				ALWAYS_SEARCH_USER_PATHS = NO;
				CLANG_ANALYZER_NONNULL = YES;
				CLANG_CXX_LANGUAGE_STANDARD = "gnu++0x";
				CLANG_CXX_LIBRARY = "libc++";
				CLANG_ENABLE_MODULES = YES;
				CLANG_ENABLE_OBJC_ARC = YES;
				CLANG_WARN_BOOL_CONVERSION = YES;
				CLANG_WARN_CONSTANT_CONVERSION = YES;
				CLANG_WARN_DIRECT_OBJC_ISA_USAGE = YES_ERROR;
				CLANG_WARN_EMPTY_BODY = YES;
				CLANG_WARN_ENUM_CONVERSION = YES;
				CLANG_WARN_INT_CONVERSION = YES;
				CLANG_WARN_OBJC_ROOT_CLASS = YES_ERROR;
				CLANG_WARN_UNREACHABLE_CODE = YES;
				CLANG_WARN__DUPLICATE_METHOD_MATCH = YES;
				CODE_SIGN_IDENTITY = "-";
				COPY_PHASE_STRIP = NO;
				DEBUG_INFORMATION_FORMAT = "dwarf-with-dsym";
				ENABLE_NS_ASSERTIONS = NO;
				ENABLE_STRICT_OBJC_MSGSEND = YES;
				GCC_C_LANGUAGE_STANDARD = gnu99;
				GCC_NO_COMMON_BLOCKS = YES;
				GCC_WARN_64_TO_32_BIT_CONVERSION = YES;
				GCC_WARN_ABOUT_RETURN_TYPE = YES_ERROR;
				GCC_WARN_UNDECLARED_SELECTOR = YES;
				GCC_WARN_UNINITIALIZED_AUTOS = YES_AGGRESSIVE;
				GCC_WARN_UNUSED_FUNCTION = YES;
				GCC_WARN_UNUSED_VARIABLE = YES;
				MACOSX_DEPLOYMENT_TARGET = 10.11;
				MTL_ENABLE_DEBUG_INFO = NO;
				SDKROOT = macosx;
			};
			name = Release;
		};
		B628D5511DEC100200D4C87C /* Debug */ = {
			isa = XCBuildConfiguration;
			buildSettings = {
				HEADER_SEARCH_PATHS = "$(PROJECT_DIR)/lua-5.1.5/src/";
				LIBRARY_SEARCH_PATHS = (
					"$(inherited)",
					"$(PROJECT_DIR)/lua-5.1.5/src",
					"$(PROJECT_DIR)/tolua++",
					"$(PROJECT_DIR)/toluapp-master/src/lib",
				);
				PRODUCT_NAME = "$(TARGET_NAME)";
			};
			name = Debug;
		};
		B628D5521DEC100200D4C87C /* Release */ = {
			isa = XCBuildConfiguration;
			buildSettings = {
				HEADER_SEARCH_PATHS = "$(PROJECT_DIR)/lua-5.1.5/src/";
				LIBRARY_SEARCH_PATHS = (
					"$(inherited)",
					"$(PROJECT_DIR)/lua-5.1.5/src",
					"$(PROJECT_DIR)/tolua++",
					"$(PROJECT_DIR)/toluapp-master/src/lib",
				);
				PRODUCT_NAME = "$(TARGET_NAME)";
			};
			name = Release;
		};
/* End XCBuildConfiguration section */

/* Begin XCConfigurationList section */
		B628D5441DEC100200D4C87C /* Build configuration list for PBXProject "lua_five_one" */ = {
			isa = XCConfigurationList;
			buildConfigurations = (
				B628D54E1DEC100200D4C87C /* Debug */,
				B628D54F1DEC100200D4C87C /* Release */,
			);
			defaultConfigurationIsVisible = 0;
			defaultConfigurationName = Release;
		};
		B628D5501DEC100200D4C87C /* Build configuration list for PBXNativeTarget "lua_five_one" */ = {
			isa = XCConfigurationList;
			buildConfigurations = (
				B628D5511DEC100200D4C87C /* Debug */,
				B628D5521DEC100200D4C87C /* Release */,
			);
			defaultConfigurationIsVisible = 0;
		};
/* End XCConfigurationList section */
	};
	rootObject = B628D5411DEC100200D4C87C /* Project object */;
}
